// !$*UTF8*$!
{
	archiveVersion = 1;
	classes = {
	};
	objectVersion = 55;
	objects = {

/* Begin PBXBuildFile section */
		A555EBF828066BAD0070F4EC /* HomeView.swift in Sources */ = {isa = PBXBuildFile; fileRef = A555EBF728066BAD0070F4EC /* HomeView.swift */; };
		A555EBFA28066C660070F4EC /* HomeHeaderView.swift in Sources */ = {isa = PBXBuildFile; fileRef = A555EBF928066C660070F4EC /* HomeHeaderView.swift */; };
		A555EBFD28066EC80070F4EC /* User.swift in Sources */ = {isa = PBXBuildFile; fileRef = A555EBFC28066EC80070F4EC /* User.swift */; };
		A57EB1C12805BDEB00F8DB37 /* MenuSuggestionSectionView.swift in Sources */ = {isa = PBXBuildFile; fileRef = A57EB1C02805BDEB00F8DB37 /* MenuSuggestionSectionView.swift */; };
		A57EB1C32805BE5600F8DB37 /* CoffeeMenu.swift in Sources */ = {isa = PBXBuildFile; fileRef = A57EB1C22805BE5600F8DB37 /* CoffeeMenu.swift */; };
		A57EB1C52805C14B00F8DB37 /* EventsSectionView.swift in Sources */ = {isa = PBXBuildFile; fileRef = A57EB1C42805C14B00F8DB37 /* EventsSectionView.swift */; };
		A57EB1C72805C18600F8DB37 /* Event.swift in Sources */ = {isa = PBXBuildFile; fileRef = A57EB1C62805C18600F8DB37 /* Event.swift */; };
		A5DEBDC728055B20009B4B8E /* CafeApp.swift in Sources */ = {isa = PBXBuildFile; fileRef = A5DEBDC628055B20009B4B8E /* CafeApp.swift */; };
		A5DEBDC928055B20009B4B8E /* MainTabView.swift in Sources */ = {isa = PBXBuildFile; fileRef = A5DEBDC828055B20009B4B8E /* MainTabView.swift */; };
		A5DEBDCB28055B21009B4B8E /* Assets.xcassets in Resources */ = {isa = PBXBuildFile; fileRef = A5DEBDCA28055B21009B4B8E /* Assets.xcassets */; };
		A5DEBDCE28055B21009B4B8E /* Preview Assets.xcassets in Resources */ = {isa = PBXBuildFile; fileRef = A5DEBDCD28055B21009B4B8E /* Preview Assets.xcassets */; };
		A5DEBDD528055EF3009B4B8E /* Tab.swift in Sources */ = {isa = PBXBuildFile; fileRef = A5DEBDD428055EF3009B4B8E /* Tab.swift */; };
/* End PBXBuildFile section */

/* Begin PBXFileReference section */
		A555EBF728066BAD0070F4EC /* HomeView.swift */ = {isa = PBXFileReference; lastKnownFileType = sourcecode.swift; path = HomeView.swift; sourceTree = "<group>"; };
		A555EBF928066C660070F4EC /* HomeHeaderView.swift */ = {isa = PBXFileReference; lastKnownFileType = sourcecode.swift; path = HomeHeaderView.swift; sourceTree = "<group>"; };
		A555EBFC28066EC80070F4EC /* User.swift */ = {isa = PBXFileReference; lastKnownFileType = sourcecode.swift; path = User.swift; sourceTree = "<group>"; };
		A57EB1C02805BDEB00F8DB37 /* MenuSuggestionSectionView.swift */ = {isa = PBXFileReference; lastKnownFileType = sourcecode.swift; path = MenuSuggestionSectionView.swift; sourceTree = "<group>"; };
		A57EB1C22805BE5600F8DB37 /* CoffeeMenu.swift */ = {isa = PBXFileReference; lastKnownFileType = sourcecode.swift; path = CoffeeMenu.swift; sourceTree = "<group>"; };
		A57EB1C42805C14B00F8DB37 /* EventsSectionView.swift */ = {isa = PBXFileReference; lastKnownFileType = sourcecode.swift; path = EventsSectionView.swift; sourceTree = "<group>"; };
		A57EB1C62805C18600F8DB37 /* Event.swift */ = {isa = PBXFileReference; lastKnownFileType = sourcecode.swift; path = Event.swift; sourceTree = "<group>"; };
		A5DEBDC328055B20009B4B8E /* Cafe.app */ = {isa = PBXFileReference; explicitFileType = wrapper.application; includeInIndex = 0; path = Cafe.app; sourceTree = BUILT_PRODUCTS_DIR; };
		A5DEBDC628055B20009B4B8E /* CafeApp.swift */ = {isa = PBXFileReference; lastKnownFileType = sourcecode.swift; path = CafeApp.swift; sourceTree = "<group>"; };
		A5DEBDC828055B20009B4B8E /* MainTabView.swift */ = {isa = PBXFileReference; lastKnownFileType = sourcecode.swift; path = MainTabView.swift; sourceTree = "<group>"; };
		A5DEBDCA28055B21009B4B8E /* Assets.xcassets */ = {isa = PBXFileReference; lastKnownFileType = folder.assetcatalog; path = Assets.xcassets; sourceTree = "<group>"; };
		A5DEBDCD28055B21009B4B8E /* Preview Assets.xcassets */ = {isa = PBXFileReference; lastKnownFileType = folder.assetcatalog; path = "Preview Assets.xcassets"; sourceTree = "<group>"; };
		A5DEBDD428055EF3009B4B8E /* Tab.swift */ = {isa = PBXFileReference; lastKnownFileType = sourcecode.swift; path = Tab.swift; sourceTree = "<group>"; };
/* End PBXFileReference section */

/* Begin PBXFrameworksBuildPhase section */
		A5DEBDC028055B20009B4B8E /* Frameworks */ = {
			isa = PBXFrameworksBuildPhase;
			buildActionMask = 2147483647;
			files = (
			);
			runOnlyForDeploymentPostprocessing = 0;
		};
/* End PBXFrameworksBuildPhase section */

/* Begin PBXGroup section */
		A555EBFB28066C6A0070F4EC /* Home */ = {
			isa = PBXGroup;
			children = (
				A555EBF728066BAD0070F4EC /* HomeView.swift */,
				A555EBF928066C660070F4EC /* HomeHeaderView.swift */,
			);
			path = Home;
			sourceTree = "<group>";
		};
		A57EB1BE2805BDD400F8DB37 /* Tab */ = {
			isa = PBXGroup;
			children = (
				A5DEBDC828055B20009B4B8E /* MainTabView.swift */,
				A5DEBDD428055EF3009B4B8E /* Tab.swift */,
			);
			path = Tab;
			sourceTree = "<group>";
		};
		A57EB1BF2805BDDA00F8DB37 /* Scenes */ = {
			isa = PBXGroup;
			children = (
				A57EB1BE2805BDD400F8DB37 /* Tab */,
				A57EB1C02805BDEB00F8DB37 /* MenuSuggestionSectionView.swift */,
				A57EB1C42805C14B00F8DB37 /* EventsSectionView.swift */,
				A555EBFB28066C6A0070F4EC /* Home */,
			);
			path = Scenes;
			sourceTree = "<group>";
		};
		A5DEBDBA28055B20009B4B8E = {
			isa = PBXGroup;
			children = (
				A5DEBDC528055B20009B4B8E /* Cafe */,
				A5DEBDC428055B20009B4B8E /* Products */,
			);
			sourceTree = "<group>";
		};
		A5DEBDC428055B20009B4B8E /* Products */ = {
			isa = PBXGroup;
			children = (
				A5DEBDC328055B20009B4B8E /* Cafe.app */,
			);
			name = Products;
			sourceTree = "<group>";
		};
		A5DEBDC528055B20009B4B8E /* Cafe */ = {
			isa = PBXGroup;
			children = (
				A5DEBDC628055B20009B4B8E /* CafeApp.swift */,
				A57EB1C22805BE5600F8DB37 /* CoffeeMenu.swift */,
				A57EB1C62805C18600F8DB37 /* Event.swift */,
				A555EBFC28066EC80070F4EC /* User.swift */,
				A57EB1BF2805BDDA00F8DB37 /* Scenes */,
				A5DEBDCA28055B21009B4B8E /* Assets.xcassets */,
				A5DEBDCC28055B21009B4B8E /* Preview Content */,
			);
			path = Cafe;
			sourceTree = "<group>";
		};
		A5DEBDCC28055B21009B4B8E /* Preview Content */ = {
			isa = PBXGroup;
			children = (
				A5DEBDCD28055B21009B4B8E /* Preview Assets.xcassets */,
			);
			path = "Preview Content";
			sourceTree = "<group>";
		};
/* End PBXGroup section */

/* Begin PBXNativeTarget section */
		A5DEBDC228055B20009B4B8E /* Cafe */ = {
			isa = PBXNativeTarget;
			buildConfigurationList = A5DEBDD128055B21009B4B8E /* Build configuration list for PBXNativeTarget "Cafe" */;
			buildPhases = (
				A5DEBDBF28055B20009B4B8E /* Sources */,
				A5DEBDC028055B20009B4B8E /* Frameworks */,
				A5DEBDC128055B20009B4B8E /* Resources */,
			);
			buildRules = (
			);
			dependencies = (
			);
			name = Cafe;
			productName = Cafe;
			productReference = A5DEBDC328055B20009B4B8E /* Cafe.app */;
			productType = "com.apple.product-type.application";
		};
/* End PBXNativeTarget section */

/* Begin PBXProject section */
		A5DEBDBB28055B20009B4B8E /* Project object */ = {
			isa = PBXProject;
			attributes = {
				BuildIndependentTargetsInParallel = 1;
				LastSwiftUpdateCheck = 1330;
				LastUpgradeCheck = 1330;
				TargetAttributes = {
					A5DEBDC228055B20009B4B8E = {
						CreatedOnToolsVersion = 13.3;
					};
				};
			};
			buildConfigurationList = A5DEBDBE28055B20009B4B8E /* Build configuration list for PBXProject "Cafe" */;
			compatibilityVersion = "Xcode 13.0";
			developmentRegion = en;
			hasScannedForEncodings = 0;
			knownRegions = (
				en,
				Base,
			);
			mainGroup = A5DEBDBA28055B20009B4B8E;
			productRefGroup = A5DEBDC428055B20009B4B8E /* Products */;
			projectDirPath = "";
			projectRoot = "";
			targets = (
				A5DEBDC228055B20009B4B8E /* Cafe */,
			);
		};
/* End PBXProject section */

/* Begin PBXResourcesBuildPhase section */
		A5DEBDC128055B20009B4B8E /* Resources */ = {
			isa = PBXResourcesBuildPhase;
			buildActionMask = 2147483647;
			files = (
				A5DEBDCE28055B21009B4B8E /* Preview Assets.xcassets in Resources */,
				A5DEBDCB28055B21009B4B8E /* Assets.xcassets in Resources */,
			);
			runOnlyForDeploymentPostprocessing = 0;
		};
/* End PBXResourcesBuildPhase section */

/* Begin PBXSourcesBuildPhase section */
		A5DEBDBF28055B20009B4B8E /* Sources */ = {
			isa = PBXSourcesBuildPhase;
			buildActionMask = 2147483647;
			files = (
				A5DEBDD528055EF3009B4B8E /* Tab.swift in Sources */,
				A57EB1C52805C14B00F8DB37 /* EventsSectionView.swift in Sources */,
				A5DEBDC928055B20009B4B8E /* MainTabView.swift in Sources */,
				A555EBFA28066C660070F4EC /* HomeHeaderView.swift in Sources */,
				A57EB1C32805BE5600F8DB37 /* CoffeeMenu.swift in Sources */,
				A5DEBDC728055B20009B4B8E /* CafeApp.swift in Sources */,
				A555EBF828066BAD0070F4EC /* HomeView.swift in Sources */,
				A57EB1C72805C18600F8DB37 /* Event.swift in Sources */,
				A555EBFD28066EC80070F4EC /* User.swift in Sources */,
				A57EB1C12805BDEB00F8DB37 /* MenuSuggestionSectionView.swift in Sources */,
			);
			runOnlyForDeploymentPostprocessing = 0;
		};
/* End PBXSourcesBuildPhase section */

/* Begin XCBuildConfiguration section */
		A5DEBDCF28055B21009B4B8E /* Debug */ = {
			isa = XCBuildConfiguration;
			buildSettings = {
				ALWAYS_SEARCH_USER_PATHS = NO;
				CLANG_ANALYZER_NONNULL = YES;
				CLANG_ANALYZER_NUMBER_OBJECT_CONVERSION = YES_AGGRESSIVE;
				CLANG_CXX_LANGUAGE_STANDARD = "gnu++17";
				CLANG_ENABLE_MODULES = YES;
				CLANG_ENABLE_OBJC_ARC = YES;
				CLANG_ENABLE_OBJC_WEAK = YES;
				CLANG_WARN_BLOCK_CAPTURE_AUTORELEASING = YES;
				CLANG_WARN_BOOL_CONVERSION = YES;
				CLANG_WARN_COMMA = YES;
				CLANG_WARN_CONSTANT_CONVERSION = YES;
				CLANG_WARN_DEPRECATED_OBJC_IMPLEMENTATIONS = YES;
				CLANG_WARN_DIRECT_OBJC_ISA_USAGE = YES_ERROR;
				CLANG_WARN_DOCUMENTATION_COMMENTS = YES;
				CLANG_WARN_EMPTY_BODY = YES;
				CLANG_WARN_ENUM_CONVERSION = YES;
				CLANG_WARN_INFINITE_RECURSION = YES;
				CLANG_WARN_INT_CONVERSION = YES;
				CLANG_WARN_NON_LITERAL_NULL_CONVERSION = YES;
				CLANG_WARN_OBJC_IMPLICIT_RETAIN_SELF = YES;
				CLANG_WARN_OBJC_LITERAL_CONVERSION = YES;
				CLANG_WARN_OBJC_ROOT_CLASS = YES_ERROR;
				CLANG_WARN_QUOTED_INCLUDE_IN_FRAMEWORK_HEADER = YES;
				CLANG_WARN_RANGE_LOOP_ANALYSIS = YES;
				CLANG_WARN_STRICT_PROTOTYPES = YES;
				CLANG_WARN_SUSPICIOUS_MOVE = YES;
				CLANG_WARN_UNGUARDED_AVAILABILITY = YES_AGGRESSIVE;
				CLANG_WARN_UNREACHABLE_CODE = YES;
				CLANG_WARN__DUPLICATE_METHOD_MATCH = YES;
				COPY_PHASE_STRIP = NO;
				DEBUG_INFORMATION_FORMAT = dwarf;
				ENABLE_STRICT_OBJC_MSGSEND = YES;
				ENABLE_TESTABILITY = YES;
				GCC_C_LANGUAGE_STANDARD = gnu11;
				GCC_DYNAMIC_NO_PIC = NO;
				GCC_NO_COMMON_BLOCKS = YES;
				GCC_OPTIMIZATION_LEVEL = 0;
				GCC_PREPROCESSOR_DEFINITIONS = (
					"DEBUG=1",
					"$(inherited)",
				);
				GCC_WARN_64_TO_32_BIT_CONVERSION = YES;
				GCC_WARN_ABOUT_RETURN_TYPE = YES_ERROR;
				GCC_WARN_UNDECLARED_SELECTOR = YES;
				GCC_WARN_UNINITIALIZED_AUTOS = YES_AGGRESSIVE;
				GCC_WARN_UNUSED_FUNCTION = YES;
				GCC_WARN_UNUSED_VARIABLE = YES;
				IPHONEOS_DEPLOYMENT_TARGET = 15.4;
				MTL_ENABLE_DEBUG_INFO = INCLUDE_SOURCE;
				MTL_FAST_MATH = YES;
				ONLY_ACTIVE_ARCH = YES;
				SDKROOT = iphoneos;
				SWIFT_ACTIVE_COMPILATION_CONDITIONS = DEBUG;
				SWIFT_OPTIMIZATION_LEVEL = "-Onone";
			};
			name = Debug;
		};
		A5DEBDD028055B21009B4B8E /* Release */ = {
			isa = XCBuildConfiguration;
			buildSettings = {
				ALWAYS_SEARCH_USER_PATHS = NO;
				CLANG_ANALYZER_NONNULL = YES;
				CLANG_ANALYZER_NUMBER_OBJECT_CONVERSION = YES_AGGRESSIVE;
				CLANG_CXX_LANGUAGE_STANDARD = "gnu++17";
				CLANG_ENABLE_MODULES = YES;
				CLANG_ENABLE_OBJC_ARC = YES;
				CLANG_ENABLE_OBJC_WEAK = YES;
				CLANG_WARN_BLOCK_CAPTURE_AUTORELEASING = YES;
				CLANG_WARN_BOOL_CONVERSION = YES;
				CLANG_WARN_COMMA = YES;
				CLANG_WARN_CONSTANT_CONVERSION = YES;
				CLANG_WARN_DEPRECATED_OBJC_IMPLEMENTATIONS = YES;
				CLANG_WARN_DIRECT_OBJC_ISA_USAGE = YES_ERROR;
				CLANG_WARN_DOCUMENTATION_COMMENTS = YES;
				CLANG_WARN_EMPTY_BODY = YES;
				CLANG_WARN_ENUM_CONVERSION = YES;
				CLANG_WARN_INFINITE_RECURSION = YES;
				CLANG_WARN_INT_CONVERSION = YES;
				CLANG_WARN_NON_LITERAL_NULL_CONVERSION = YES;
				CLANG_WARN_OBJC_IMPLICIT_RETAIN_SELF = YES;
				CLANG_WARN_OBJC_LITERAL_CONVERSION = YES;
				CLANG_WARN_OBJC_ROOT_CLASS = YES_ERROR;
				CLANG_WARN_QUOTED_INCLUDE_IN_FRAMEWORK_HEADER = YES;
				CLANG_WARN_RANGE_LOOP_ANALYSIS = YES;
				CLANG_WARN_STRICT_PROTOTYPES = YES;
				CLANG_WARN_SUSPICIOUS_MOVE = YES;
				CLANG_WARN_UNGUARDED_AVAILABILITY = YES_AGGRESSIVE;
				CLANG_WARN_UNREACHABLE_CODE = YES;
				CLANG_WARN__DUPLICATE_METHOD_MATCH = YES;
				COPY_PHASE_STRIP = NO;
				DEBUG_INFORMATION_FORMAT = "dwarf-with-dsym";
				ENABLE_NS_ASSERTIONS = NO;
				ENABLE_STRICT_OBJC_MSGSEND = YES;
				GCC_C_LANGUAGE_STANDARD = gnu11;
				GCC_NO_COMMON_BLOCKS = YES;
				GCC_WARN_64_TO_32_BIT_CONVERSION = YES;
				GCC_WARN_ABOUT_RETURN_TYPE = YES_ERROR;
				GCC_WARN_UNDECLARED_SELECTOR = YES;
				GCC_WARN_UNINITIALIZED_AUTOS = YES_AGGRESSIVE;
				GCC_WARN_UNUSED_FUNCTION = YES;
				GCC_WARN_UNUSED_VARIABLE = YES;
				IPHONEOS_DEPLOYMENT_TARGET = 15.4;
				MTL_ENABLE_DEBUG_INFO = NO;
				MTL_FAST_MATH = YES;
				SDKROOT = iphoneos;
				SWIFT_COMPILATION_MODE = wholemodule;
				SWIFT_OPTIMIZATION_LEVEL = "-O";
				VALIDATE_PRODUCT = YES;
			};
			name = Release;
		};
		A5DEBDD228055B21009B4B8E /* Debug */ = {
			isa = XCBuildConfiguration;
			buildSettings = {
				ASSETCATALOG_COMPILER_APPICON_NAME = AppIcon;
				ASSETCATALOG_COMPILER_GLOBAL_ACCENT_COLOR_NAME = AccentColor;
				CODE_SIGN_STYLE = Automatic;
				CURRENT_PROJECT_VERSION = 1;
				DEVELOPMENT_ASSET_PATHS = "\"Cafe/Preview Content\"";
				DEVELOPMENT_TEAM = MZ4WUT4W35;
				ENABLE_PREVIEWS = YES;
				GENERATE_INFOPLIST_FILE = YES;
				INFOPLIST_KEY_UIApplicationSceneManifest_Generation = YES;
				INFOPLIST_KEY_UIApplicationSupportsIndirectInputEvents = YES;
				INFOPLIST_KEY_UILaunchScreen_Generation = YES;
				INFOPLIST_KEY_UISupportedInterfaceOrientations_iPad = "UIInterfaceOrientationPortrait UIInterfaceOrientationPortraitUpsideDown UIInterfaceOrientationLandscapeLeft UIInterfaceOrientationLandscapeRight";
				INFOPLIST_KEY_UISupportedInterfaceOrientations_iPhone = "UIInterfaceOrientationPortrait UIInterfaceOrientationLandscapeLeft UIInterfaceOrientationLandscapeRight";
				LD_RUNPATH_SEARCH_PATHS = (
					"$(inherited)",
					"@executable_path/Frameworks",
				);
				MARKETING_VERSION = 1.0;
				PRODUCT_BUNDLE_IDENTIFIER = com.alswl.Cafe;
				PRODUCT_NAME = "$(TARGET_NAME)";
				SWIFT_EMIT_LOC_STRINGS = YES;
				SWIFT_VERSION = 5.0;
				TARGETED_DEVICE_FAMILY = "1,2";
			};
			name = Debug;
		};
		A5DEBDD328055B21009B4B8E /* Release */ = {
			isa = XCBuildConfiguration;
			buildSettings = {
				ASSETCATALOG_COMPILER_APPICON_NAME = AppIcon;
				ASSETCATALOG_COMPILER_GLOBAL_ACCENT_COLOR_NAME = AccentColor;
				CODE_SIGN_STYLE = Automatic;
				CURRENT_PROJECT_VERSION = 1;
				DEVELOPMENT_ASSET_PATHS = "\"Cafe/Preview Content\"";
				DEVELOPMENT_TEAM = MZ4WUT4W35;
				ENABLE_PREVIEWS = YES;
				GENERATE_INFOPLIST_FILE = YES;
				INFOPLIST_KEY_UIApplicationSceneManifest_Generation = YES;
				INFOPLIST_KEY_UIApplicationSupportsIndirectInputEvents = YES;
				INFOPLIST_KEY_UILaunchScreen_Generation = YES;
				INFOPLIST_KEY_UISupportedInterfaceOrientations_iPad = "UIInterfaceOrientationPortrait UIInterfaceOrientationPortraitUpsideDown UIInterfaceOrientationLandscapeLeft UIInterfaceOrientationLandscapeRight";
				INFOPLIST_KEY_UISupportedInterfaceOrientations_iPhone = "UIInterfaceOrientationPortrait UIInterfaceOrientationLandscapeLeft UIInterfaceOrientationLandscapeRight";
				LD_RUNPATH_SEARCH_PATHS = (
					"$(inherited)",
					"@executable_path/Frameworks",
				);
				MARKETING_VERSION = 1.0;
				PRODUCT_BUNDLE_IDENTIFIER = com.alswl.Cafe;
				PRODUCT_NAME = "$(TARGET_NAME)";
				SWIFT_EMIT_LOC_STRINGS = YES;
				SWIFT_VERSION = 5.0;
				TARGETED_DEVICE_FAMILY = "1,2";
			};
			name = Release;
		};
/* End XCBuildConfiguration section */

/* Begin XCConfigurationList section */
		A5DEBDBE28055B20009B4B8E /* Build configuration list for PBXProject "Cafe" */ = {
			isa = XCConfigurationList;
			buildConfigurations = (
				A5DEBDCF28055B21009B4B8E /* Debug */,
				A5DEBDD028055B21009B4B8E /* Release */,
			);
			defaultConfigurationIsVisible = 0;
			defaultConfigurationName = Release;
		};
		A5DEBDD128055B21009B4B8E /* Build configuration list for PBXNativeTarget "Cafe" */ = {
			isa = XCConfigurationList;
			buildConfigurations = (
				A5DEBDD228055B21009B4B8E /* Debug */,
				A5DEBDD328055B21009B4B8E /* Release */,
			);
			defaultConfigurationIsVisible = 0;
			defaultConfigurationName = Release;
		};
/* End XCConfigurationList section */
	};
	rootObject = A5DEBDBB28055B20009B4B8E /* Project object */;
}
